
Microsoft Visual Studio Solution File, Format Version 12.00
Project("{FAE04EC0-301F-11D3-BF4B-00C04F79EFBC}") = "Homework5", "Homework5.csproj", "{0AF75B6E-A728-45D0-837F-A1A68B8520E5}"
EndProject
Global
	GlobalSection(SolutionConfigurationPlatforms) = preSolution
		Debug|Any CPU = Debug|Any CPU
		Release|Any CPU = Release|Any CPU
	EndGlobalSection
	GlobalSection(ProjectConfigurationPlatforms) = postSolution
		{0AF75B6E-A728-45D0-837F-A1A68B8520E5}.Debug|Any CPU.ActiveCfg = Debug|Any CPU
		{0AF75B6E-A728-45D0-837F-A1A68B8520E5}.Debug|Any CPU.Build.0 = Debug|Any CPU
		{0AF75B6E-A728-45D0-837F-A1A68B8520E5}.Release|Any CPU.ActiveCfg = Release|Any CPU
		{0AF75B6E-A728-45D0-837F-A1A68B8520E5}.Release|Any CPU.Build.0 = Release|Any CPU
	EndGlobalSection
EndGlobal
